
Microsoft Visual Studio Solution File, Format Version 12.00
# Visual Studio Version 16
VisualStudioVersion = 16.0.29123.88
MinimumVisualStudioVersion = 10.0.40219.1
Project("{FAE04EC0-301F-11D3-BF4B-00C04F79EFBC}") = "ConsoleApp2", "ConsoleApp2\ConsoleApp2.csproj", "{324504DD-13AD-4034-97FB-E851F1EF4867}"
EndProject
Global
	GlobalSection(SolutionConfigurationPlatforms) = preSolution
		Debug|Any CPU = Debug|Any CPU
		Release|Any CPU = Release|Any CPU
	EndGlobalSection
	GlobalSection(ProjectConfigurationPlatforms) = postSolution
		{324504DD-13AD-4034-97FB-E851F1EF4867}.Debug|Any CPU.ActiveCfg = Debug|Any CPU
		{324504DD-13AD-4034-97FB-E851F1EF4867}.Debug|Any CPU.Build.0 = Debug|Any CPU
		{324504DD-13AD-4034-97FB-E851F1EF4867}.Release|Any CPU.ActiveCfg = Release|Any CPU
		{324504DD-13AD-4034-97FB-E851F1EF4867}.Release|Any CPU.Build.0 = Release|Any CPU
	EndGlobalSection
	GlobalSection(SolutionProperties) = preSolution
		HideSolutionNode = FALSE
	EndGlobalSection
	GlobalSection(ExtensibilityGlobals) = postSolution
		SolutionGuid = {B45F5F9E-CFA7-422C-950D-5961E1262DC3}
	EndGlobalSection
EndGlobal
